
Microsoft Visual Studio Solution File, Format Version 12.00
# Visual Studio 2013
VisualStudioVersion = 12.0.30723.0
MinimumVisualStudioVersion = 10.0.40219.1
Project("{FAE04EC0-301F-11D3-BF4B-00C04F79EFBC}") = "Crowdin.CSharp", "Crowdin.CSharp\Crowdin.CSharp.csproj", "{B012F354-AA1F-46E5-93AA-EB625D19B755}"
EndProject
Project("{FAE04EC0-301F-11D3-BF4B-00C04F79EFBC}") = "Crowdin.CSharp.Tests", "Crowdin.CSharp.Tests\Crowdin.CSharp.Tests.csproj", "{60F35360-01C8-4C6C-925B-CBDD5316F67F}"
EndProject
Global
	GlobalSection(SolutionConfigurationPlatforms) = preSolution
		Debug|Any CPU = Debug|Any CPU
		Release|Any CPU = Release|Any CPU
	EndGlobalSection
	GlobalSection(ProjectConfigurationPlatforms) = postSolution
		{B012F354-AA1F-46E5-93AA-EB625D19B755}.Debug|Any CPU.ActiveCfg = Debug|Any CPU
		{B012F354-AA1F-46E5-93AA-EB625D19B755}.Debug|Any CPU.Build.0 = Debug|Any CPU
		{B012F354-AA1F-46E5-93AA-EB625D19B755}.Release|Any CPU.ActiveCfg = Release|Any CPU
		{B012F354-AA1F-46E5-93AA-EB625D19B755}.Release|Any CPU.Build.0 = Release|Any CPU
		{60F35360-01C8-4C6C-925B-CBDD5316F67F}.Debug|Any CPU.ActiveCfg = Debug|Any CPU
		{60F35360-01C8-4C6C-925B-CBDD5316F67F}.Debug|Any CPU.Build.0 = Debug|Any CPU
		{60F35360-01C8-4C6C-925B-CBDD5316F67F}.Release|Any CPU.ActiveCfg = Release|Any CPU
		{60F35360-01C8-4C6C-925B-CBDD5316F67F}.Release|Any CPU.Build.0 = Release|Any CPU
	EndGlobalSection
	GlobalSection(SolutionProperties) = preSolution
		HideSolutionNode = FALSE
	EndGlobalSection
EndGlobal
